
Microsoft Visual Studio Solution File, Format Version 12.00
# Visual Studio Version 17
VisualStudioVersion = 17.9.34728.123
MinimumVisualStudioVersion = 10.0.40219.1
Project("{FAE04EC0-301F-11D3-BF4B-00C04F79EFBC}") = "ElectroNova", "ElectroNova\ElectroNova.csproj", "{28B6F992-692C-4507-8E51-AA3C2A0D8013}"
EndProject
Global
	GlobalSection(SolutionConfigurationPlatforms) = preSolution
		Debug|Any CPU = Debug|Any CPU
		Release|Any CPU = Release|Any CPU
	EndGlobalSection
	GlobalSection(ProjectConfigurationPlatforms) = postSolution
		{28B6F992-692C-4507-8E51-AA3C2A0D8013}.Debug|Any CPU.ActiveCfg = Debug|Any CPU
		{28B6F992-692C-4507-8E51-AA3C2A0D8013}.Debug|Any CPU.Build.0 = Debug|Any CPU
		{28B6F992-692C-4507-8E51-AA3C2A0D8013}.Release|Any CPU.ActiveCfg = Release|Any CPU
		{28B6F992-692C-4507-8E51-AA3C2A0D8013}.Release|Any CPU.Build.0 = Release|Any CPU
	EndGlobalSection
	GlobalSection(SolutionProperties) = preSolution
		HideSolutionNode = FALSE
	EndGlobalSection
	GlobalSection(ExtensibilityGlobals) = postSolution
		SolutionGuid = {8DD619FD-FDB0-4920-A809-EE55B093C6C0}
	EndGlobalSection
EndGlobal
